
Microsoft Visual Studio Solution File, Format Version 12.00
# Visual Studio 2013
VisualStudioVersion = 12.0.31101.0
MinimumVisualStudioVersion = 10.0.40219.1
Project("{FAE04EC0-301F-11D3-BF4B-00C04F79EFBC}") = "Data", "Data\Data.csproj", "{5DC732C0-2410-41CA-8B46-8A95E6E048E7}"
EndProject
Project("{FAE04EC0-301F-11D3-BF4B-00C04F79EFBC}") = "Admin", "Admin\Admin.csproj", "{665DA6D9-96E3-4739-AB5B-143D14416CE5}"
EndProject
Project("{FAE04EC0-301F-11D3-BF4B-00C04F79EFBC}") = "Web", "Web\Web.csproj", "{C0212665-D6EF-4B85-9396-0C581D731EFE}"
EndProject
Global
	GlobalSection(SolutionConfigurationPlatforms) = preSolution
		Debug|Any CPU = Debug|Any CPU
		Release|Any CPU = Release|Any CPU
	EndGlobalSection
	GlobalSection(ProjectConfigurationPlatforms) = postSolution
		{5DC732C0-2410-41CA-8B46-8A95E6E048E7}.Debug|Any CPU.ActiveCfg = Debug|Any CPU
		{5DC732C0-2410-41CA-8B46-8A95E6E048E7}.Debug|Any CPU.Build.0 = Debug|Any CPU
		{5DC732C0-2410-41CA-8B46-8A95E6E048E7}.Release|Any CPU.ActiveCfg = Release|Any CPU
		{5DC732C0-2410-41CA-8B46-8A95E6E048E7}.Release|Any CPU.Build.0 = Release|Any CPU
		{665DA6D9-96E3-4739-AB5B-143D14416CE5}.Debug|Any CPU.ActiveCfg = Debug|Any CPU
		{665DA6D9-96E3-4739-AB5B-143D14416CE5}.Debug|Any CPU.Build.0 = Debug|Any CPU
		{665DA6D9-96E3-4739-AB5B-143D14416CE5}.Release|Any CPU.ActiveCfg = Release|Any CPU
		{665DA6D9-96E3-4739-AB5B-143D14416CE5}.Release|Any CPU.Build.0 = Release|Any CPU
		{C0212665-D6EF-4B85-9396-0C581D731EFE}.Debug|Any CPU.ActiveCfg = Debug|Any CPU
		{C0212665-D6EF-4B85-9396-0C581D731EFE}.Debug|Any CPU.Build.0 = Debug|Any CPU
		{C0212665-D6EF-4B85-9396-0C581D731EFE}.Release|Any CPU.ActiveCfg = Release|Any CPU
		{C0212665-D6EF-4B85-9396-0C581D731EFE}.Release|Any CPU.Build.0 = Release|Any CPU
	EndGlobalSection
	GlobalSection(SolutionProperties) = preSolution
		HideSolutionNode = FALSE
	EndGlobalSection
EndGlobal
